
Microsoft Visual Studio Solution File, Format Version 12.00
# Visual Studio Version 17
VisualStudioVersion = 17.5.33103.201
MinimumVisualStudioVersion = 10.0.40219.1
Project("{FAE04EC0-301F-11D3-BF4B-00C04F79EFBC}") = "MultiTenancy", "MultiTenancy\MultiTenancy.csproj", "{76F38F01-FEB6-42D8-B6E9-B1807464CFA7}"
EndProject
Global
	GlobalSection(SolutionConfigurationPlatforms) = preSolution
		Debug|Any CPU = Debug|Any CPU
		Release|Any CPU = Release|Any CPU
	EndGlobalSection
	GlobalSection(ProjectConfigurationPlatforms) = postSolution
		{76F38F01-FEB6-42D8-B6E9-B1807464CFA7}.Debug|Any CPU.ActiveCfg = Debug|Any CPU
		{76F38F01-FEB6-42D8-B6E9-B1807464CFA7}.Debug|Any CPU.Build.0 = Debug|Any CPU
		{76F38F01-FEB6-42D8-B6E9-B1807464CFA7}.Release|Any CPU.ActiveCfg = Release|Any CPU
		{76F38F01-FEB6-42D8-B6E9-B1807464CFA7}.Release|Any CPU.Build.0 = Release|Any CPU
	EndGlobalSection
	GlobalSection(SolutionProperties) = preSolution
		HideSolutionNode = FALSE
	EndGlobalSection
	GlobalSection(ExtensibilityGlobals) = postSolution
		SolutionGuid = {8E4502D9-E14B-4F2B-B969-18FD3E9150E4}
	EndGlobalSection
EndGlobal
